version = 1
revision = 2
requires-python = ">=3.12"
resolution-markers = [
    "sys_platform == 'darwin'",
    "platform_machine == 'aarch64' and sys_platform == 'linux'",
    "(platform_machine != 'aarch64' and sys_platform == 'linux') or (sys_platform != 'darwin' and sys_platform != 'linux')",
]

[[package]]
name = "ffmpegio"
version = "0.11.1"
source = { registry = "https://pypi.org/simple" }
dependencies = [
    { name = "packaging" },
    { name = "pluggy" },
    { name = "typing-extensions" },
]
sdist = { url = "https://files.pythonhosted.org/packages/c9/b9/d5ebf2e5cc0c5c14094ebb31b32d0f84badc9c3089129df92e7b311764b0/ffmpegio-0.11.1.tar.gz", hash = "sha256:a9b1666c68fd2248045713919c0d84c5e992e89f82e25887afe7c88d33d7742a", size = 191703, upload-time = "2025-05-17T15:27:57.948Z" }
wheels = [
    { url = "https://files.pythonhosted.org/packages/ee/c9/bf0e8c37cb0e2e42e34fd4cdc5947601ba4640dc667a63d02134e09864d0/ffmpegio-0.11.1-py3-none-any.whl", hash = "sha256:8aeb1b7505ea5d45c65d13b90dc3108b5ede68a9723aca7551971d8bfae38284", size = 182251, upload-time = "2025-05-17T15:27:56.012Z" },
]

[[package]]
name = "markdown-it-py"
version = "4.0.0"
source = { registry = "https://pypi.org/simple" }
dependencies = [
    { name = "mdurl" },
]
sdist = { url = "https://files.pythonhosted.org/packages/5b/f5/4ec618ed16cc4f8fb3b701563655a69816155e79e24a17b651541804721d/markdown_it_py-4.0.0.tar.gz", hash = "sha256:cb0a2b4aa34f932c007117b194e945bd74e0ec24133ceb5bac59009cda1cb9f3", size = 73070, upload-time = "2025-08-11T12:57:52.854Z" }
wheels = [
    { url = "https://files.pythonhosted.org/packages/94/54/e7d793b573f298e1c9013b8c4dade17d481164aa517d1d7148619c2cedbf/markdown_it_py-4.0.0-py3-none-any.whl", hash = "sha256:87327c59b172c5011896038353a81343b6754500a08cd7a4973bb48c6d578147", size = 87321, upload-time = "2025-08-11T12:57:51.923Z" },
]

[[package]]
name = "mdurl"
version = "0.1.2"
source = { registry = "https://pypi.org/simple" }
sdist = { url = "https://files.pythonhosted.org/packages/d6/54/cfe61301667036ec958cb99bd3efefba235e65cdeb9c84d24a8293ba1d90/mdurl-0.1.2.tar.gz", hash = "sha256:bb413d29f5eea38f31dd4754dd7377d4465116fb207585f97bf925588687c1ba", size = 8729, upload-time = "2022-08-14T12:40:10.846Z" }
wheels = [
    { url = "https://files.pythonhosted.org/packages/b3/38/89ba8ad64ae25be8de66a6d463314cf1eb366222074cfda9ee839c56a4b4/mdurl-0.1.2-py3-none-any.whl", hash = "sha256:84008a41e51615a49fc9966191ff91509e3c40b939176e643fd50a5c2196b8f8", size = 9979, upload-time = "2022-08-14T12:40:09.779Z" },
]

[[package]]
name = "numpy"
version = "2.4.0"
source = { registry = "https://pypi.org/simple" }
sdist = { url = "https://files.pythonhosted.org/packages/a4/7a/6a3d14e205d292b738db449d0de649b373a59edb0d0b4493821d0a3e8718/numpy-2.4.0.tar.gz", hash = "sha256:6e504f7b16118198f138ef31ba24d985b124c2c469fe8467007cf30fd992f934", size = 20685720, upload-time = "2025-12-20T16:18:19.023Z" }
wheels = [
    { url = "https://files.pythonhosted.org/packages/8b/ff/f6400ffec95de41c74b8e73df32e3fff1830633193a7b1e409be7fb1bb8c/numpy-2.4.0-cp312-cp312-macosx_10_13_x86_64.whl", hash = "sha256:2a8b6bb8369abefb8bd1801b054ad50e02b3275c8614dc6e5b0373c305291037", size = 16653117, upload-time = "2025-12-20T16:16:06.709Z" },
    { url = "https://files.pythonhosted.org/packages/fd/28/6c23e97450035072e8d830a3c411bf1abd1f42c611ff9d29e3d8f55c6252/numpy-2.4.0-cp312-cp312-macosx_11_0_arm64.whl", hash = "sha256:2e284ca13d5a8367e43734148622caf0b261b275673823593e3e3634a6490f83", size = 12369711, upload-time = "2025-12-20T16:16:08.758Z" },
    { url = "https://files.pythonhosted.org/packages/bc/af/acbef97b630ab1bb45e6a7d01d1452e4251aa88ce680ac36e56c272120ec/numpy-2.4.0-cp312-cp312-macosx_14_0_arm64.whl", hash = "sha256:49ff32b09f5aa0cd30a20c2b39db3e669c845589f2b7fc910365210887e39344", size = 5198355, upload-time = "2025-12-20T16:16:10.902Z" },
    { url = "https://files.pythonhosted.org/packages/c1/c8/4e0d436b66b826f2e53330adaa6311f5cac9871a5b5c31ad773b27f25a74/numpy-2.4.0-cp312-cp312-macosx_14_0_x86_64.whl", hash = "sha256:36cbfb13c152b1c7c184ddac43765db8ad672567e7bafff2cc755a09917ed2e6", size = 6545298, upload-time = "2025-12-20T16:16:12.607Z" },
    { url = "https://files.pythonhosted.org/packages/ef/27/e1f5d144ab54eac34875e79037011d511ac57b21b220063310cb96c80fbc/numpy-2.4.0-cp312-cp312-manylinux_2_27_aarch64.manylinux_2_28_aarch64.whl", hash = "sha256:35ddc8f4914466e6fc954c76527aa91aa763682a4f6d73249ef20b418fe6effb", size = 14398387, upload-time = "2025-12-20T16:16:14.257Z" },
    { url = "https://files.pythonhosted.org/packages/67/64/4cb909dd5ab09a9a5d086eff9586e69e827b88a5585517386879474f4cf7/numpy-2.4.0-cp312-cp312-manylinux_2_27_x86_64.manylinux_2_28_x86_64.whl", hash = "sha256:dc578891de1db95b2a35001b695451767b580bb45753717498213c5ff3c41d63", size = 16363091, upload-time = "2025-12-20T16:16:17.32Z" },
    { url = "https://files.pythonhosted.org/packages/9d/9c/8efe24577523ec6809261859737cf117b0eb6fdb655abdfdc81b2e468ce4/numpy-2.4.0-cp312-cp312-musllinux_1_2_aarch64.whl", hash = "sha256:98e81648e0b36e325ab67e46b5400a7a6d4a22b8a7c8e8bbfe20e7db7906bf95", size = 16176394, upload-time = "2025-12-20T16:16:19.524Z" },
    { url = "https://files.pythonhosted.org/packages/61/f0/1687441ece7b47a62e45a1f82015352c240765c707928edd8aef875d5951/numpy-2.4.0-cp312-cp312-musllinux_1_2_x86_64.whl", hash = "sha256:d57b5046c120561ba8fa8e4030fbb8b822f3063910fa901ffadf16e2b7128ad6", size = 18287378, upload-time = "2025-12-20T16:16:22.866Z" },
    { url = "https://files.pythonhosted.org/packages/d3/6f/f868765d44e6fc466467ed810ba9d8d6db1add7d4a748abfa2a4c99a3194/numpy-2.4.0-cp312-cp312-win32.whl", hash = "sha256:92190db305a6f48734d3982f2c60fa30d6b5ee9bff10f2887b930d7b40119f4c", size = 5955432, upload-time = "2025-12-20T16:16:25.06Z" },
    { url = "https://files.pythonhosted.org/packages/d4/b5/94c1e79fcbab38d1ca15e13777477b2914dd2d559b410f96949d6637b085/numpy-2.4.0-cp312-cp312-win_amd64.whl", hash = "sha256:680060061adb2d74ce352628cb798cfdec399068aa7f07ba9fb818b2b3305f98", size = 12306201, upload-time = "2025-12-20T16:16:26.979Z" },
    { url = "https://files.pythonhosted.org/packages/70/09/c39dadf0b13bb0768cd29d6a3aaff1fb7c6905ac40e9aaeca26b1c086e06/numpy-2.4.0-cp312-cp312-win_arm64.whl", hash = "sha256:39699233bc72dd482da1415dcb06076e32f60eddc796a796c5fb6c5efce94667", size = 10308234, upload-time = "2025-12-20T16:16:29.417Z" },
    { url = "https://files.pythonhosted.org/packages/a7/0d/853fd96372eda07c824d24adf02e8bc92bb3731b43a9b2a39161c3667cc4/numpy-2.4.0-cp313-cp313-macosx_10_13_x86_64.whl", hash = "sha256:a152d86a3ae00ba5f47b3acf3b827509fd0b6cb7d3259665e63dafbad22a75ea", size = 16649088, upload-time = "2025-12-20T16:16:31.421Z" },
    { url = "https://files.pythonhosted.org/packages/e3/37/cc636f1f2a9f585434e20a3e6e63422f70bfe4f7f6698e941db52ea1ac9a/numpy-2.4.0-cp313-cp313-macosx_11_0_arm64.whl", hash = "sha256:39b19251dec4de8ff8496cd0806cbe27bf0684f765abb1f4809554de93785f2d", size = 12364065, upload-time = "2025-12-20T16:16:33.491Z" },
    { url = "https://files.pythonhosted.org/packages/ed/69/0b78f37ca3690969beee54103ce5f6021709134e8020767e93ba691a72f1/numpy-2.4.0-cp313-cp313-macosx_14_0_arm64.whl", hash = "sha256:009bd0ea12d3c784b6639a8457537016ce5172109e585338e11334f6a7bb88ee", size = 5192640, upload-time = "2025-12-20T16:16:35.636Z" },
    { url = "https://files.pythonhosted.org/packages/1d/2a/08569f8252abf590294dbb09a430543ec8f8cc710383abfb3e75cc73aeda/numpy-2.4.0-cp313-cp313-macosx_14_0_x86_64.whl", hash = "sha256:5fe44e277225fd3dff6882d86d3d447205d43532c3627313d17e754fb3905a0e", size = 6541556, upload-time = "2025-12-20T16:16:37.276Z" },
    { url = "https://files.pythonhosted.org/packages/93/e9/a949885a4e177493d61519377952186b6cbfdf1d6002764c664ba28349b5/numpy-2.4.0-cp313-cp313-manylinux_2_27_aarch64.manylinux_2_28_aarch64.whl", hash = "sha256:f935c4493eda9069851058fa0d9e39dbf6286be690066509305e52912714dbb2", size = 14396562, upload-time = "2025-12-20T16:16:38.953Z" },
    { url = "https://files.pythonhosted.org/packages/99/98/9d4ad53b0e9ef901c2ef1d550d2136f5ac42d3fd2988390a6def32e23e48/numpy-2.4.0-cp313-cp313-manylinux_2_27_x86_64.manylinux_2_28_x86_64.whl", hash = "sha256:8cfa5f29a695cb7438965e6c3e8d06e0416060cf0d709c1b1c1653a939bf5c2a", size = 16351719, upload-time = "2025-12-20T16:16:41.503Z" },
    { url = "https://files.pythonhosted.org/packages/28/de/5f3711a38341d6e8dd619f6353251a0cdd07f3d6d101a8fd46f4ef87f895/numpy-2.4.0-cp313-cp313-musllinux_1_2_aarch64.whl", hash = "sha256:ba0cb30acd3ef11c94dc27fbfba68940652492bc107075e7ffe23057f9425681", size = 16176053, upload-time = "2025-12-20T16:16:44.552Z" },
    { url = "https://files.pythonhosted.org/packages/2a/5b/2a3753dc43916501b4183532e7ace862e13211042bceafa253afb5c71272/numpy-2.4.0-cp313-cp313-musllinux_1_2_x86_64.whl", hash = "sha256:60e8c196cd82cbbd4f130b5290007e13e6de3eca79f0d4d38014769d96a7c475", size = 18277859, upload-time = "2025-12-20T16:16:47.174Z" },
    { url = "https://files.pythonhosted.org/packages/2c/c5/a18bcdd07a941db3076ef489d036ab16d2bfc2eae0cf27e5a26e29189434/numpy-2.4.0-cp313-cp313-win32.whl", hash = "sha256:5f48cb3e88fbc294dc90e215d86fbaf1c852c63dbdb6c3a3e63f45c4b57f7344", size = 5953849, upload-time = "2025-12-20T16:16:49.554Z" },
    { url = "https://files.pythonhosted.org/packages/4f/f1/719010ff8061da6e8a26e1980cf090412d4f5f8060b31f0c45d77dd67a01/numpy-2.4.0-cp313-cp313-win_amd64.whl", hash = "sha256:a899699294f28f7be8992853c0c60741f16ff199205e2e6cdca155762cbaa59d", size = 12302840, upload-time = "2025-12-20T16:16:51.227Z" },
    { url = "https://files.pythonhosted.org/packages/f5/5a/b3d259083ed8b4d335270c76966cb6cf14a5d1b69e1a608994ac57a659e6/numpy-2.4.0-cp313-cp313-win_arm64.whl", hash = "sha256:9198f447e1dc5647d07c9a6bbe2063cc0132728cc7175b39dbc796da5b54920d", size = 10308509, upload-time = "2025-12-20T16:16:53.313Z" },
    { url = "https://files.pythonhosted.org/packages/31/01/95edcffd1bb6c0633df4e808130545c4f07383ab629ac7e316fb44fff677/numpy-2.4.0-cp313-cp313t-macosx_11_0_arm64.whl", hash = "sha256:74623f2ab5cc3f7c886add4f735d1031a1d2be4a4ae63c0546cfd74e7a31ddf6", size = 12491815, upload-time = "2025-12-20T16:16:55.496Z" },
    { url = "https://files.pythonhosted.org/packages/59/ea/5644b8baa92cc1c7163b4b4458c8679852733fa74ca49c942cfa82ded4e0/numpy-2.4.0-cp313-cp313t-macosx_14_0_arm64.whl", hash = "sha256:0804a8e4ab070d1d35496e65ffd3cf8114c136a2b81f61dfab0de4b218aacfd5", size = 5320321, upload-time = "2025-12-20T16:16:57.468Z" },
    { url = "https://files.pythonhosted.org/packages/26/4e/e10938106d70bc21319bd6a86ae726da37edc802ce35a3a71ecdf1fdfe7f/numpy-2.4.0-cp313-cp313t-macosx_14_0_x86_64.whl", hash = "sha256:02a2038eb27f9443a8b266a66911e926566b5a6ffd1a689b588f7f35b81e7dc3", size = 6641635, upload-time = "2025-12-20T16:16:59.379Z" },
    { url = "https://files.pythonhosted.org/packages/b3/8d/a8828e3eaf5c0b4ab116924df82f24ce3416fa38d0674d8f708ddc6c8aac/numpy-2.4.0-cp313-cp313t-manylinux_2_27_aarch64.manylinux_2_28_aarch64.whl", hash = "sha256:1889b3a3f47a7b5bee16bc25a2145bd7cb91897f815ce3499db64c7458b6d91d", size = 14456053, upload-time = "2025-12-20T16:17:01.768Z" },
    { url = "https://files.pythonhosted.org/packages/68/a1/17d97609d87d4520aa5ae2dcfb32305654550ac6a35effb946d303e594ce/numpy-2.4.0-cp313-cp313t-manylinux_2_27_x86_64.manylinux_2_28_x86_64.whl", hash = "sha256:85eef4cb5625c47ee6425c58a3502555e10f45ee973da878ac8248ad58c136f3", size = 16401702, upload-time = "2025-12-20T16:17:04.235Z" },
    { url = "https://files.pythonhosted.org/packages/18/32/0f13c1b2d22bea1118356b8b963195446f3af124ed7a5adfa8fdecb1b6ca/numpy-2.4.0-cp313-cp313t-musllinux_1_2_aarch64.whl", hash = "sha256:6dc8b7e2f4eb184b37655195f421836cfae6f58197b67e3ffc501f1333d993fa", size = 16242493, upload-time = "2025-12-20T16:17:06.856Z" },
    { url = "https://files.pythonhosted.org/packages/ae/23/48f21e3d309fbc137c068a1475358cbd3a901b3987dcfc97a029ab3068e2/numpy-2.4.0-cp313-cp313t-musllinux_1_2_x86_64.whl", hash = "sha256:44aba2f0cafd287871a495fb3163408b0bd25bbce135c6f621534a07f4f7875c", size = 18324222, upload-time = "2025-12-20T16:17:09.392Z" },
    { url = "https://files.pythonhosted.org/packages/ac/52/41f3d71296a3dcaa4f456aaa3c6fc8e745b43d0552b6bde56571bb4b4a0f/numpy-2.4.0-cp313-cp313t-win32.whl", hash = "sha256:20c115517513831860c573996e395707aa9fb691eb179200125c250e895fcd93", size = 6076216, upload-time = "2025-12-20T16:17:11.437Z" },
    { url = "https://files.pythonhosted.org/packages/35/ff/46fbfe60ab0710d2a2b16995f708750307d30eccbb4c38371ea9e986866e/numpy-2.4.0-cp313-cp313t-win_amd64.whl", hash = "sha256:b48e35f4ab6f6a7597c46e301126ceba4c44cd3280e3750f85db48b082624fa4", size = 12444263, upload-time = "2025-12-20T16:17:13.182Z" },
    { url = "https://files.pythonhosted.org/packages/a3/e3/9189ab319c01d2ed556c932ccf55064c5d75bb5850d1df7a482ce0badead/numpy-2.4.0-cp313-cp313t-win_arm64.whl", hash = "sha256:4d1cfce39e511069b11e67cd0bd78ceff31443b7c9e5c04db73c7a19f572967c", size = 10378265, upload-time = "2025-12-20T16:17:15.211Z" },
    { url = "https://files.pythonhosted.org/packages/ab/ed/52eac27de39d5e5a6c9aadabe672bc06f55e24a3d9010cd1183948055d76/numpy-2.4.0-cp314-cp314-macosx_10_15_x86_64.whl", hash = "sha256:c95eb6db2884917d86cde0b4d4cf31adf485c8ec36bf8696dd66fa70de96f36b", size = 16647476, upload-time = "2025-12-20T16:17:17.671Z" },
    { url = "https://files.pythonhosted.org/packages/77/c0/990ce1b7fcd4e09aeaa574e2a0a839589e4b08b2ca68070f1acb1fea6736/numpy-2.4.0-cp314-cp314-macosx_11_0_arm64.whl", hash = "sha256:65167da969cd1ec3a1df31cb221ca3a19a8aaa25370ecb17d428415e93c1935e", size = 12374563, upload-time = "2025-12-20T16:17:20.216Z" },
    { url = "https://files.pythonhosted.org/packages/37/7c/8c5e389c6ae8f5fd2277a988600d79e9625db3fff011a2d87ac80b881a4c/numpy-2.4.0-cp314-cp314-macosx_14_0_arm64.whl", hash = "sha256:3de19cfecd1465d0dcf8a5b5ea8b3155b42ed0b639dba4b71e323d74f2a3be5e", size = 5203107, upload-time = "2025-12-20T16:17:22.47Z" },
    { url = "https://files.pythonhosted.org/packages/e6/94/ca5b3bd6a8a70a5eec9a0b8dd7f980c1eff4b8a54970a9a7fef248ef564f/numpy-2.4.0-cp314-cp314-macosx_14_0_x86_64.whl", hash = "sha256:6c05483c3136ac4c91b4e81903cb53a8707d316f488124d0398499a4f8e8ef51", size = 6538067, upload-time = "2025-12-20T16:17:24.001Z" },
    { url = "https://files.pythonhosted.org/packages/79/43/993eb7bb5be6761dde2b3a3a594d689cec83398e3f58f4758010f3b85727/numpy-2.4.0-cp314-cp314-manylinux_2_27_aarch64.manylinux_2_28_aarch64.whl", hash = "sha256:36667db4d6c1cea79c8930ab72fadfb4060feb4bfe724141cd4bd064d2e5f8ce", size = 14411926, upload-time = "2025-12-20T16:17:25.822Z" },
    { url = "https://files.pythonhosted.org/packages/03/75/d4c43b61de473912496317a854dac54f1efec3eeb158438da6884b70bb90/numpy-2.4.0-cp314-cp314-manylinux_2_27_x86_64.manylinux_2_28_x86_64.whl", hash = "sha256:9a818668b674047fd88c4cddada7ab8f1c298812783e8328e956b78dc4807f9f", size = 16354295, upload-time = "2025-12-20T16:17:28.308Z" },
    { url = "https://files.pythonhosted.org/packages/b8/0a/b54615b47ee8736a6461a4bb6749128dd3435c5a759d5663f11f0e9af4ac/numpy-2.4.0-cp314-cp314-musllinux_1_2_aarch64.whl", hash = "sha256:1ee32359fb7543b7b7bd0b2f46294db27e29e7bbdf70541e81b190836cd83ded", size = 16190242, upload-time = "2025-12-20T16:17:30.993Z" },
    { url = "https://files.pythonhosted.org/packages/98/ce/ea207769aacad6246525ec6c6bbd66a2bf56c72443dc10e2f90feed29290/numpy-2.4.0-cp314-cp314-musllinux_1_2_x86_64.whl", hash = "sha256:e493962256a38f58283de033d8af176c5c91c084ea30f15834f7545451c42059", size = 18280875, upload-time = "2025-12-20T16:17:33.327Z" },
    { url = "https://files.pythonhosted.org/packages/17/ef/ec409437aa962ea372ed601c519a2b141701683ff028f894b7466f0ab42b/numpy-2.4.0-cp314-cp314-win32.whl", hash = "sha256:6bbaebf0d11567fa8926215ae731e1d58e6ec28a8a25235b8a47405d301332db", size = 6002530, upload-time = "2025-12-20T16:17:35.729Z" },
    { url = "https://files.pythonhosted.org/packages/5f/4a/5cb94c787a3ed1ac65e1271b968686521169a7b3ec0b6544bb3ca32960b0/numpy-2.4.0-cp314-cp314-win_amd64.whl", hash = "sha256:3d857f55e7fdf7c38ab96c4558c95b97d1c685be6b05c249f5fdafcbd6f9899e", size = 12435890, upload-time = "2025-12-20T16:17:37.599Z" },
    { url = "https://files.pythonhosted.org/packages/48/a0/04b89db963af9de1104975e2544f30de89adbf75b9e75f7dd2599be12c79/numpy-2.4.0-cp314-cp314-win_arm64.whl", hash = "sha256:bb50ce5fb202a26fd5404620e7ef820ad1ab3558b444cb0b55beb7ef66cd2d63", size = 10591892, upload-time = "2025-12-20T16:17:39.649Z" },
    { url = "https://files.pythonhosted.org/packages/53/e5/d74b5ccf6712c06c7a545025a6a71bfa03bdc7e0568b405b0d655232fd92/numpy-2.4.0-cp314-cp314t-macosx_11_0_arm64.whl", hash = "sha256:355354388cba60f2132df297e2d53053d4063f79077b67b481d21276d61fc4df", size = 12494312, upload-time = "2025-12-20T16:17:41.714Z" },
    { url = "https://files.pythonhosted.org/packages/c2/08/3ca9cc2ddf54dfee7ae9a6479c071092a228c68aef08252aa08dac2af002/numpy-2.4.0-cp314-cp314t-macosx_14_0_arm64.whl", hash = "sha256:1d8f9fde5f6dc1b6fc34df8162f3b3079365468703fee7f31d4e0cc8c63baed9", size = 5322862, upload-time = "2025-12-20T16:17:44.145Z" },
    { url = "https://files.pythonhosted.org/packages/87/74/0bb63a68394c0c1e52670cfff2e309afa41edbe11b3327d9af29e4383f34/numpy-2.4.0-cp314-cp314t-macosx_14_0_x86_64.whl", hash = "sha256:e0434aa22c821f44eeb4c650b81c7fbdd8c0122c6c4b5a576a76d5a35625ecd9", size = 6644986, upload-time = "2025-12-20T16:17:46.203Z" },
    { url = "https://files.pythonhosted.org/packages/06/8f/9264d9bdbcf8236af2823623fe2f3981d740fc3461e2787e231d97c38c28/numpy-2.4.0-cp314-cp314t-manylinux_2_27_aarch64.manylinux_2_28_aarch64.whl", hash = "sha256:40483b2f2d3ba7aad426443767ff5632ec3156ef09742b96913787d13c336471", size = 14457958, upload-time = "2025-12-20T16:17:48.017Z" },
    { url = "https://files.pythonhosted.org/packages/8c/d9/f9a69ae564bbc7236a35aa883319364ef5fd41f72aa320cc1cbe66148fe2/numpy-2.4.0-cp314-cp314t-manylinux_2_27_x86_64.manylinux_2_28_x86_64.whl", hash = "sha256:d9e6a7664ddd9746e20b7325351fe1a8408d0a2bf9c63b5e898290ddc8f09544", size = 16398394, upload-time = "2025-12-20T16:17:50.409Z" },
    { url = "https://files.pythonhosted.org/packages/34/c7/39241501408dde7f885d241a98caba5421061a2c6d2b2197ac5e3aa842d8/numpy-2.4.0-cp314-cp314t-musllinux_1_2_aarch64.whl", hash = "sha256:ecb0019d44f4cdb50b676c5d0cb4b1eae8e15d1ed3d3e6639f986fc92b2ec52c", size = 16241044, upload-time = "2025-12-20T16:17:52.661Z" },
    { url = "https://files.pythonhosted.org/packages/7c/95/cae7effd90e065a95e59fe710eeee05d7328ed169776dfdd9f789e032125/numpy-2.4.0-cp314-cp314t-musllinux_1_2_x86_64.whl", hash = "sha256:d0ffd9e2e4441c96a9c91ec1783285d80bf835b677853fc2770a89d50c1e48ac", size = 18321772, upload-time = "2025-12-20T16:17:54.947Z" },
    { url = "https://files.pythonhosted.org/packages/96/df/3c6c279accd2bfb968a76298e5b276310bd55d243df4fa8ac5816d79347d/numpy-2.4.0-cp314-cp314t-win32.whl", hash = "sha256:77f0d13fa87036d7553bf81f0e1fe3ce68d14c9976c9851744e4d3e91127e95f", size = 6148320, upload-time = "2025-12-20T16:17:57.249Z" },
    { url = "https://files.pythonhosted.org/packages/92/8d/f23033cce252e7a75cae853d17f582e86534c46404dea1c8ee094a9d6d84/numpy-2.4.0-cp314-cp314t-win_amd64.whl", hash = "sha256:b1f5b45829ac1848893f0ddf5cb326110604d6df96cdc255b0bf9edd154104d4", size = 12623460, upload-time = "2025-12-20T16:17:58.963Z" },
    { url = "https://files.pythonhosted.org/packages/a4/4f/1f8475907d1a7c4ef9020edf7f39ea2422ec896849245f00688e4b268a71/numpy-2.4.0-cp314-cp314t-win_arm64.whl", hash = "sha256:23a3e9d1a6f360267e8fbb38ba5db355a6a7e9be71d7fce7ab3125e88bb646c8", size = 10661799, upload-time = "2025-12-20T16:18:01.078Z" },
]

[[package]]
name = "opencv-python"
version = "4.11.0.86"
source = { registry = "https://pypi.org/simple" }
dependencies = [
    { name = "numpy" },
]
sdist = { url = "https://files.pythonhosted.org/packages/17/06/68c27a523103dad5837dc5b87e71285280c4f098c60e4fe8a8db6486ab09/opencv-python-4.11.0.86.tar.gz", hash = "sha256:03d60ccae62304860d232272e4a4fda93c39d595780cb40b161b310244b736a4", size = 95171956, upload-time = "2025-01-16T13:52:24.737Z" }
wheels = [
    { url = "https://files.pythonhosted.org/packages/05/4d/53b30a2a3ac1f75f65a59eb29cf2ee7207ce64867db47036ad61743d5a23/opencv_python-4.11.0.86-cp37-abi3-macosx_13_0_arm64.whl", hash = "sha256:432f67c223f1dc2824f5e73cdfcd9db0efc8710647d4e813012195dc9122a52a", size = 37326322, upload-time = "2025-01-16T13:52:25.887Z" },
    { url = "https://files.pythonhosted.org/packages/3b/84/0a67490741867eacdfa37bc18df96e08a9d579583b419010d7f3da8ff503/opencv_python-4.11.0.86-cp37-abi3-macosx_13_0_x86_64.whl", hash = "sha256:9d05ef13d23fe97f575153558653e2d6e87103995d54e6a35db3f282fe1f9c66", size = 56723197, upload-time = "2025-01-16T13:55:21.222Z" },
    { url = "https://files.pythonhosted.org/packages/f3/bd/29c126788da65c1fb2b5fb621b7fed0ed5f9122aa22a0868c5e2c15c6d23/opencv_python-4.11.0.86-cp37-abi3-manylinux_2_17_aarch64.manylinux2014_aarch64.whl", hash = "sha256:1b92ae2c8852208817e6776ba1ea0d6b1e0a1b5431e971a2a0ddd2a8cc398202", size = 42230439, upload-time = "2025-01-16T13:51:35.822Z" },
    { url = "https://files.pythonhosted.org/packages/2c/8b/90eb44a40476fa0e71e05a0283947cfd74a5d36121a11d926ad6f3193cc4/opencv_python-4.11.0.86-cp37-abi3-manylinux_2_17_x86_64.manylinux2014_x86_64.whl", hash = "sha256:6b02611523803495003bd87362db3e1d2a0454a6a63025dc6658a9830570aa0d", size = 62986597, upload-time = "2025-01-16T13:52:08.836Z" },
    { url = "https://files.pythonhosted.org/packages/fb/d7/1d5941a9dde095468b288d989ff6539dd69cd429dbf1b9e839013d21b6f0/opencv_python-4.11.0.86-cp37-abi3-win32.whl", hash = "sha256:810549cb2a4aedaa84ad9a1c92fbfdfc14090e2749cedf2c1589ad8359aa169b", size = 29384337, upload-time = "2025-01-16T13:52:13.549Z" },
    { url = "https://files.pythonhosted.org/packages/a4/7d/f1c30a92854540bf789e9cd5dde7ef49bbe63f855b85a2e6b3db8135c591/opencv_python-4.11.0.86-cp37-abi3-win_amd64.whl", hash = "sha256:085ad9b77c18853ea66283e98affefe2de8cc4c1f43eda4c100cf9b2721142ec", size = 39488044, upload-time = "2025-01-16T13:52:21.928Z" },
]

[[package]]
name = "packaging"
version = "25.0"
source = { registry = "https://pypi.org/simple" }
sdist = { url = "https://files.pythonhosted.org/packages/a1/d4/1fc4078c65507b51b96ca8f8c3ba19e6a61c8253c72794544580a7b6c24d/packaging-25.0.tar.gz", hash = "sha256:d443872c98d677bf60f6a1f2f8c1cb748e8fe762d2bf9d3148b5599295b0fc4f", size = 165727, upload-time = "2025-04-19T11:48:59.673Z" }
wheels = [
    { url = "https://files.pythonhosted.org/packages/20/12/38679034af332785aac8774540895e234f4d07f7545804097de4b666afd8/packaging-25.0-py3-none-any.whl", hash = "sha256:29572ef2b1f17581046b3a2227d5c611fb25ec70ca1ba8554b24b0e69331a484", size = 66469, upload-time = "2025-04-19T11:48:57.875Z" },
]

[[package]]
name = "pluggy"
version = "1.6.0"
source = { registry = "https://pypi.org/simple" }
sdist = { url = "https://files.pythonhosted.org/packages/f9/e2/3e91f31a7d2b083fe6ef3fa267035b518369d9511ffab804f839851d2779/pluggy-1.6.0.tar.gz", hash = "sha256:7dcc130b76258d33b90f61b658791dede3486c3e6bfb003ee5c9bfb396dd22f3", size = 69412, upload-time = "2025-05-15T12:30:07.975Z" }
wheels = [
    { url = "https://files.pythonhosted.org/packages/54/20/4d324d65cc6d9205fabedc306948156824eb9f0ee1633355a8f7ec5c66bf/pluggy-1.6.0-py3-none-any.whl", hash = "sha256:e920276dd6813095e9377c0bc5566d94c932c33b27a3e3945d8389c374dd4746", size = 20538, upload-time = "2025-05-15T12:30:06.134Z" },
]

[[package]]
name = "psutil"
version = "7.2.1"
source = { registry = "https://pypi.org/simple" }
sdist = { url = "https://files.pythonhosted.org/packages/73/cb/09e5184fb5fc0358d110fc3ca7f6b1d033800734d34cac10f4136cfac10e/psutil-7.2.1.tar.gz", hash = "sha256:f7583aec590485b43ca601dd9cea0dcd65bd7bb21d30ef4ddbf4ea6b5ed1bdd3", size = 490253, upload-time = "2025-12-29T08:26:00.169Z" }
wheels = [
    { url = "https://files.pythonhosted.org/packages/77/8e/f0c242053a368c2aa89584ecd1b054a18683f13d6e5a318fc9ec36582c94/psutil-7.2.1-cp313-cp313t-macosx_10_13_x86_64.whl", hash = "sha256:ba9f33bb525b14c3ea563b2fd521a84d2fa214ec59e3e6a2858f78d0844dd60d", size = 129624, upload-time = "2025-12-29T08:26:04.255Z" },
    { url = "https://files.pythonhosted.org/packages/26/97/a58a4968f8990617decee234258a2b4fc7cd9e35668387646c1963e69f26/psutil-7.2.1-cp313-cp313t-macosx_11_0_arm64.whl", hash = "sha256:81442dac7abfc2f4f4385ea9e12ddf5a796721c0f6133260687fec5c3780fa49", size = 130132, upload-time = "2025-12-29T08:26:06.228Z" },
    { url = "https://files.pythonhosted.org/packages/db/6d/ed44901e830739af5f72a85fa7ec5ff1edea7f81bfbf4875e409007149bd/psutil-7.2.1-cp313-cp313t-manylinux2010_x86_64.manylinux_2_12_x86_64.manylinux_2_28_x86_64.whl", hash = "sha256:ea46c0d060491051d39f0d2cff4f98d5c72b288289f57a21556cc7d504db37fc", size = 180612, upload-time = "2025-12-29T08:26:08.276Z" },
    { url = "https://files.pythonhosted.org/packages/c7/65/b628f8459bca4efbfae50d4bf3feaab803de9a160b9d5f3bd9295a33f0c2/psutil-7.2.1-cp313-cp313t-manylinux2014_aarch64.manylinux_2_17_aarch64.manylinux_2_28_aarch64.whl", hash = "sha256:35630d5af80d5d0d49cfc4d64c1c13838baf6717a13effb35869a5919b854cdf", size = 183201, upload-time = "2025-12-29T08:26:10.622Z" },
    { url = "https://files.pythonhosted.org/packages/fb/23/851cadc9764edcc18f0effe7d0bf69f727d4cf2442deb4a9f78d4e4f30f2/psutil-7.2.1-cp313-cp313t-win_amd64.whl", hash = "sha256:923f8653416604e356073e6e0bccbe7c09990acef442def2f5640dd0faa9689f", size = 139081, upload-time = "2025-12-29T08:26:12.483Z" },
    { url = "https://files.pythonhosted.org/packages/59/82/d63e8494ec5758029f31c6cb06d7d161175d8281e91d011a4a441c8a43b5/psutil-7.2.1-cp313-cp313t-win_arm64.whl", hash = "sha256:cfbe6b40ca48019a51827f20d830887b3107a74a79b01ceb8cc8de4ccb17b672", size = 134767, upload-time = "2025-12-29T08:26:14.528Z" },
    { url = "https://files.pythonhosted.org/packages/05/c2/5fb764bd61e40e1fe756a44bd4c21827228394c17414ade348e28f83cd79/psutil-7.2.1-cp314-cp314t-macosx_10_15_x86_64.whl", hash = "sha256:494c513ccc53225ae23eec7fe6e1482f1b8a44674241b54561f755a898650679", size = 129716, upload-time = "2025-12-29T08:26:16.017Z" },
    { url = "https://files.pythonhosted.org/packages/c9/d2/935039c20e06f615d9ca6ca0ab756cf8408a19d298ffaa08666bc18dc805/psutil-7.2.1-cp314-cp314t-macosx_11_0_arm64.whl", hash = "sha256:3fce5f92c22b00cdefd1645aa58ab4877a01679e901555067b1bd77039aa589f", size = 130133, upload-time = "2025-12-29T08:26:18.009Z" },
    { url = "https://files.pythonhosted.org/packages/77/69/19f1eb0e01d24c2b3eacbc2f78d3b5add8a89bf0bb69465bc8d563cc33de/psutil-7.2.1-cp314-cp314t-manylinux2010_x86_64.manylinux_2_12_x86_64.manylinux_2_28_x86_64.whl", hash = "sha256:93f3f7b0bb07711b49626e7940d6fe52aa9940ad86e8f7e74842e73189712129", size = 181518, upload-time = "2025-12-29T08:26:20.241Z" },
    { url = "https://files.pythonhosted.org/packages/e1/6d/7e18b1b4fa13ad370787626c95887b027656ad4829c156bb6569d02f3262/psutil-7.2.1-cp314-cp314t-manylinux2014_aarch64.manylinux_2_17_aarch64.manylinux_2_28_aarch64.whl", hash = "sha256:d34d2ca888208eea2b5c68186841336a7f5e0b990edec929be909353a202768a", size = 184348, upload-time = "2025-12-29T08:26:22.215Z" },
    { url = "https://files.pythonhosted.org/packages/98/60/1672114392dd879586d60dd97896325df47d9a130ac7401318005aab28ec/psutil-7.2.1-cp314-cp314t-win_amd64.whl", hash = "sha256:2ceae842a78d1603753561132d5ad1b2f8a7979cb0c283f5b52fb4e6e14b1a79", size = 140400, upload-time = "2025-12-29T08:26:23.993Z" },
    { url = "https://files.pythonhosted.org/packages/fb/7b/d0e9d4513c46e46897b46bcfc410d51fc65735837ea57a25170f298326e6/psutil-7.2.1-cp314-cp314t-win_arm64.whl", hash = "sha256:08a2f175e48a898c8eb8eace45ce01777f4785bc744c90aa2cc7f2fa5462a266", size = 135430, upload-time = "2025-12-29T08:26:25.999Z" },
    { url = "https://files.pythonhosted.org/packages/c5/cf/5180eb8c8bdf6a503c6919f1da28328bd1e6b3b1b5b9d5b01ae64f019616/psutil-7.2.1-cp36-abi3-macosx_10_9_x86_64.whl", hash = "sha256:b2e953fcfaedcfbc952b44744f22d16575d3aa78eb4f51ae74165b4e96e55f42", size = 128137, upload-time = "2025-12-29T08:26:27.759Z" },
    { url = "https://files.pythonhosted.org/packages/c5/2c/78e4a789306a92ade5000da4f5de3255202c534acdadc3aac7b5458fadef/psutil-7.2.1-cp36-abi3-macosx_11_0_arm64.whl", hash = "sha256:05cc68dbb8c174828624062e73078e7e35406f4ca2d0866c272c2410d8ef06d1", size = 128947, upload-time = "2025-12-29T08:26:29.548Z" },
    { url = "https://files.pythonhosted.org/packages/29/f8/40e01c350ad9a2b3cb4e6adbcc8a83b17ee50dd5792102b6142385937db5/psutil-7.2.1-cp36-abi3-manylinux2010_x86_64.manylinux_2_12_x86_64.manylinux_2_28_x86_64.whl", hash = "sha256:5e38404ca2bb30ed7267a46c02f06ff842e92da3bb8c5bfdadbd35a5722314d8", size = 154694, upload-time = "2025-12-29T08:26:32.147Z" },
    { url = "https://files.pythonhosted.org/packages/06/e4/b751cdf839c011a9714a783f120e6a86b7494eb70044d7d81a25a5cd295f/psutil-7.2.1-cp36-abi3-manylinux2014_aarch64.manylinux_2_17_aarch64.manylinux_2_28_aarch64.whl", hash = "sha256:ab2b98c9fc19f13f59628d94df5cc4cc4844bc572467d113a8b517d634e362c6", size = 156136, upload-time = "2025-12-29T08:26:34.079Z" },
    { url = "https://files.pythonhosted.org/packages/44/ad/bbf6595a8134ee1e94a4487af3f132cef7fce43aef4a93b49912a48c3af7/psutil-7.2.1-cp36-abi3-musllinux_1_2_aarch64.whl", hash = "sha256:f78baafb38436d5a128f837fab2d92c276dfb48af01a240b861ae02b2413ada8", size = 148108, upload-time = "2025-12-29T08:26:36.225Z" },
    { url = "https://files.pythonhosted.org/packages/1c/15/dd6fd869753ce82ff64dcbc18356093471a5a5adf4f77ed1f805d473d859/psutil-7.2.1-cp36-abi3-musllinux_1_2_x86_64.whl", hash = "sha256:99a4cd17a5fdd1f3d014396502daa70b5ec21bf4ffe38393e152f8e449757d67", size = 147402, upload-time = "2025-12-29T08:26:39.21Z" },
    { url = "https://files.pythonhosted.org/packages/34/68/d9317542e3f2b180c4306e3f45d3c922d7e86d8ce39f941bb9e2e9d8599e/psutil-7.2.1-cp37-abi3-win_amd64.whl", hash = "sha256:b1b0671619343aa71c20ff9767eced0483e4fc9e1f489d50923738caf6a03c17", size = 136938, upload-time = "2025-12-29T08:26:41.036Z" },
    { url = "https://files.pythonhosted.org/packages/3e/73/2ce007f4198c80fcf2cb24c169884f833fe93fbc03d55d302627b094ee91/psutil-7.2.1-cp37-abi3-win_arm64.whl", hash = "sha256:0d67c1822c355aa6f7314d92018fb4268a76668a536f133599b91edd48759442", size = 133836, upload-time = "2025-12-29T08:26:43.086Z" },
]

[[package]]
name = "pygments"
version = "2.19.2"
source = { registry = "https://pypi.org/simple" }
sdist = { url = "https://files.pythonhosted.org/packages/b0/77/a5b8c569bf593b0140bde72ea885a803b82086995367bf2037de0159d924/pygments-2.19.2.tar.gz", hash = "sha256:636cb2477cec7f8952536970bc533bc43743542f70392ae026374600add5b887", size = 4968631, upload-time = "2025-06-21T13:39:12.283Z" }
wheels = [
    { url = "https://files.pythonhosted.org/packages/c7/21/705964c7812476f378728bdf590ca4b771ec72385c533964653c68e86bdc/pygments-2.19.2-py3-none-any.whl", hash = "sha256:86540386c03d588bb81d44bc3928634ff26449851e99741617ecb9037ee5ec0b", size = 1225217, upload-time = "2025-06-21T13:39:07.939Z" },
]

[[package]]
name = "rich"
version = "14.2.0"
source = { registry = "https://pypi.org/simple" }
dependencies = [
    { name = "markdown-it-py" },
    { name = "pygments" },
]
sdist = { url = "https://files.pythonhosted.org/packages/fb/d2/8920e102050a0de7bfabeb4c4614a49248cf8d5d7a8d01885fbb24dc767a/rich-14.2.0.tar.gz", hash = "sha256:73ff50c7c0c1c77c8243079283f4edb376f0f6442433aecb8ce7e6d0b92d1fe4", size = 219990, upload-time = "2025-10-09T14:16:53.064Z" }
wheels = [
    { url = "https://files.pythonhosted.org/packages/25/7a/b0178788f8dc6cafce37a212c99565fa1fe7872c70c6c9c1e1a372d9d88f/rich-14.2.0-py3-none-any.whl", hash = "sha256:76bc51fe2e57d2b1be1f96c524b890b816e334ab4c1e45888799bfaab0021edd", size = 243393, upload-time = "2025-10-09T14:16:51.245Z" },
]

[[package]]
name = "rich-argparse"
version = "1.7.2"
source = { registry = "https://pypi.org/simple" }
dependencies = [
    { name = "rich" },
]
sdist = { url = "https://files.pythonhosted.org/packages/4c/f7/1c65e0245d4c7009a87ac92908294a66e7e7635eccf76a68550f40c6df80/rich_argparse-1.7.2.tar.gz", hash = "sha256:64fd2e948fc96e8a1a06e0e72c111c2ce7f3af74126d75c0f5f63926e7289cd1", size = 38500, upload-time = "2025-11-01T10:35:44.232Z" }
wheels = [
    { url = "https://files.pythonhosted.org/packages/04/80/97b6f357ac458d9ad9872cc3183ca09ef7439ac89e030ea43053ba1294b6/rich_argparse-1.7.2-py3-none-any.whl", hash = "sha256:0559b1f47a19bbeb82bf15f95a057f99bcbbc98385532f57937f9fc57acc501a", size = 25476, upload-time = "2025-11-01T10:35:42.681Z" },
]

[[package]]
name = "ruff"
version = "0.14.10"
source = { registry = "https://pypi.org/simple" }
sdist = { url = "https://files.pythonhosted.org/packages/57/08/52232a877978dd8f9cf2aeddce3e611b40a63287dfca29b6b8da791f5e8d/ruff-0.14.10.tar.gz", hash = "sha256:9a2e830f075d1a42cd28420d7809ace390832a490ed0966fe373ba288e77aaf4", size = 5859763, upload-time = "2025-12-18T19:28:57.98Z" }
wheels = [
    { url = "https://files.pythonhosted.org/packages/60/01/933704d69f3f05ee16ef11406b78881733c186fe14b6a46b05cfcaf6d3b2/ruff-0.14.10-py3-none-linux_armv6l.whl", hash = "sha256:7a3ce585f2ade3e1f29ec1b92df13e3da262178df8c8bdf876f48fa0e8316c49", size = 13527080, upload-time = "2025-12-18T19:29:25.642Z" },
    { url = "https://files.pythonhosted.org/packages/df/58/a0349197a7dfa603ffb7f5b0470391efa79ddc327c1e29c4851e85b09cc5/ruff-0.14.10-py3-none-macosx_10_12_x86_64.whl", hash = "sha256:674f9be9372907f7257c51f1d4fc902cb7cf014b9980152b802794317941f08f", size = 13797320, upload-time = "2025-12-18T19:29:02.571Z" },
    { url = "https://files.pythonhosted.org/packages/7b/82/36be59f00a6082e38c23536df4e71cdbc6af8d7c707eade97fcad5c98235/ruff-0.14.10-py3-none-macosx_11_0_arm64.whl", hash = "sha256:d85713d522348837ef9df8efca33ccb8bd6fcfc86a2cde3ccb4bc9d28a18003d", size = 12918434, upload-time = "2025-12-18T19:28:51.202Z" },
    { url = "https://files.pythonhosted.org/packages/a6/00/45c62a7f7e34da92a25804f813ebe05c88aa9e0c25e5cb5a7d23dd7450e3/ruff-0.14.10-py3-none-manylinux_2_17_aarch64.manylinux2014_aarch64.whl", hash = "sha256:6987ebe0501ae4f4308d7d24e2d0fe3d7a98430f5adfd0f1fead050a740a3a77", size = 13371961, upload-time = "2025-12-18T19:29:04.991Z" },
    { url = "https://files.pythonhosted.org/packages/40/31/a5906d60f0405f7e57045a70f2d57084a93ca7425f22e1d66904769d1628/ruff-0.14.10-py3-none-manylinux_2_17_armv7l.manylinux2014_armv7l.whl", hash = "sha256:16a01dfb7b9e4eee556fbfd5392806b1b8550c9b4a9f6acd3dbe6812b193c70a", size = 13275629, upload-time = "2025-12-18T19:29:21.381Z" },
    { url = "https://files.pythonhosted.org/packages/3e/60/61c0087df21894cf9d928dc04bcd4fb10e8b2e8dca7b1a276ba2155b2002/ruff-0.14.10-py3-none-manylinux_2_17_i686.manylinux2014_i686.whl", hash = "sha256:7165d31a925b7a294465fa81be8c12a0e9b60fb02bf177e79067c867e71f8b1f", size = 14029234, upload-time = "2025-12-18T19:29:00.132Z" },
    { url = "https://files.pythonhosted.org/packages/44/84/77d911bee3b92348b6e5dab5a0c898d87084ea03ac5dc708f46d88407def/ruff-0.14.10-py3-none-manylinux_2_17_ppc64.manylinux2014_ppc64.whl", hash = "sha256:c561695675b972effb0c0a45db233f2c816ff3da8dcfbe7dfc7eed625f218935", size = 15449890, upload-time = "2025-12-18T19:28:53.573Z" },
    { url = "https://files.pythonhosted.org/packages/e9/36/480206eaefa24a7ec321582dda580443a8f0671fdbf6b1c80e9c3e93a16a/ruff-0.14.10-py3-none-manylinux_2_17_ppc64le.manylinux2014_ppc64le.whl", hash = "sha256:4bb98fcbbc61725968893682fd4df8966a34611239c9fd07a1f6a07e7103d08e", size = 15123172, upload-time = "2025-12-18T19:29:23.453Z" },
    { url = "https://files.pythonhosted.org/packages/5c/38/68e414156015ba80cef5473d57919d27dfb62ec804b96180bafdeaf0e090/ruff-0.14.10-py3-none-manylinux_2_17_s390x.manylinux2014_s390x.whl", hash = "sha256:f24b47993a9d8cb858429e97bdf8544c78029f09b520af615c1d261bf827001d", size = 14460260, upload-time = "2025-12-18T19:29:27.808Z" },
    { url = "https://files.pythonhosted.org/packages/b3/19/9e050c0dca8aba824d67cc0db69fb459c28d8cd3f6855b1405b3f29cc91d/ruff-0.14.10-py3-none-manylinux_2_17_x86_64.manylinux2014_x86_64.whl", hash = "sha256:59aabd2e2c4fd614d2862e7939c34a532c04f1084476d6833dddef4afab87e9f", size = 14229978, upload-time = "2025-12-18T19:29:11.32Z" },
    { url = "https://files.pythonhosted.org/packages/51/eb/e8dd1dd6e05b9e695aa9dd420f4577debdd0f87a5ff2fedda33c09e9be8c/ruff-0.14.10-py3-none-manylinux_2_31_riscv64.whl", hash = "sha256:213db2b2e44be8625002dbea33bb9c60c66ea2c07c084a00d55732689d697a7f", size = 14338036, upload-time = "2025-12-18T19:29:09.184Z" },
    { url = "https://files.pythonhosted.org/packages/6a/12/f3e3a505db7c19303b70af370d137795fcfec136d670d5de5391e295c134/ruff-0.14.10-py3-none-musllinux_1_2_aarch64.whl", hash = "sha256:b914c40ab64865a17a9a5b67911d14df72346a634527240039eb3bd650e5979d", size = 13264051, upload-time = "2025-12-18T19:29:13.431Z" },
    { url = "https://files.pythonhosted.org/packages/08/64/8c3a47eaccfef8ac20e0484e68e0772013eb85802f8a9f7603ca751eb166/ruff-0.14.10-py3-none-musllinux_1_2_armv7l.whl", hash = "sha256:1484983559f026788e3a5c07c81ef7d1e97c1c78ed03041a18f75df104c45405", size = 13283998, upload-time = "2025-12-18T19:29:06.994Z" },
    { url = "https://files.pythonhosted.org/packages/12/84/534a5506f4074e5cc0529e5cd96cfc01bb480e460c7edf5af70d2bcae55e/ruff-0.14.10-py3-none-musllinux_1_2_i686.whl", hash = "sha256:c70427132db492d25f982fffc8d6c7535cc2fd2c83fc8888f05caaa248521e60", size = 13601891, upload-time = "2025-12-18T19:28:55.811Z" },
    { url = "https://files.pythonhosted.org/packages/0d/1e/14c916087d8598917dbad9b2921d340f7884824ad6e9c55de948a93b106d/ruff-0.14.10-py3-none-musllinux_1_2_x86_64.whl", hash = "sha256:5bcf45b681e9f1ee6445d317ce1fa9d6cba9a6049542d1c3d5b5958986be8830", size = 14336660, upload-time = "2025-12-18T19:29:16.531Z" },
    { url = "https://files.pythonhosted.org/packages/f2/1c/d7b67ab43f30013b47c12b42d1acd354c195351a3f7a1d67f59e54227ede/ruff-0.14.10-py3-none-win32.whl", hash = "sha256:104c49fc7ab73f3f3a758039adea978869a918f31b73280db175b43a2d9b51d6", size = 13196187, upload-time = "2025-12-18T19:29:19.006Z" },
    { url = "https://files.pythonhosted.org/packages/fb/9c/896c862e13886fae2af961bef3e6312db9ebc6adc2b156fe95e615dee8c1/ruff-0.14.10-py3-none-win_amd64.whl", hash = "sha256:466297bd73638c6bdf06485683e812db1c00c7ac96d4ddd0294a338c62fdc154", size = 14661283, upload-time = "2025-12-18T19:29:30.16Z" },
    { url = "https://files.pythonhosted.org/packages/74/31/b0e29d572670dca3674eeee78e418f20bdf97fa8aa9ea71380885e175ca0/ruff-0.14.10-py3-none-win_arm64.whl", hash = "sha256:e51d046cf6dda98a4633b8a8a771451107413b0f07183b2bef03f075599e44e6", size = 13729839, upload-time = "2025-12-18T19:28:48.636Z" },
]

[[package]]
name = "sharp-frame-extractor"
version = "2.0.0rc2"
source = { editable = "." }
dependencies = [
    { name = "ffmpegio" },
    { name = "numpy" },
    { name = "opencv-python" },
    { name = "psutil" },
    { name = "rich" },
    { name = "rich-argparse" },
]

[package.dev-dependencies]
dev = [
    { name = "ruff" },
]
lint = [
    { name = "ruff" },
]

[package.metadata]
requires-dist = [
    { name = "ffmpegio", specifier = ">=0.11.1" },
    { name = "numpy", specifier = ">=2.4.0" },
    { name = "opencv-python", specifier = ">=4.11.0.86" },
    { name = "psutil", specifier = ">=7.2.1" },
    { name = "rich", specifier = ">=14.2.0" },
    { name = "rich-argparse", specifier = ">=1.7.2" },
]

[package.metadata.requires-dev]
dev = [{ name = "ruff", specifier = ">=0.14.8" }]
lint = [{ name = "ruff", specifier = ">=0.14.8" }]

[[package]]
name = "typing-extensions"
version = "4.15.0"
source = { registry = "https://pypi.org/simple" }
sdist = { url = "https://files.pythonhosted.org/packages/72/94/1a15dd82efb362ac84269196e94cf00f187f7ed21c242792a923cdb1c61f/typing_extensions-4.15.0.tar.gz", hash = "sha256:0cea48d173cc12fa28ecabc3b837ea3cf6f38c6d1136f85cbaaf598984861466", size = 109391, upload-time = "2025-08-25T13:49:26.313Z" }
wheels = [
    { url = "https://files.pythonhosted.org/packages/18/67/36e9267722cc04a6b9f15c7f3441c2363321a3ea07da7ae0c0707beb2a9c/typing_extensions-4.15.0-py3-none-any.whl", hash = "sha256:f0fa19c6845758ab08074a0cfa8b7aecb71c999ca73d62883bc25cc018c4e548", size = 44614, upload-time = "2025-08-25T13:49:24.86Z" },
]
